
Microsoft Visual Studio Solution File, Format Version 12.00
# Visual Studio Version 17
VisualStudioVersion = 17.6.33723.286
MinimumVisualStudioVersion = 10.0.40219.1
Project("{FAE04EC0-301F-11D3-BF4B-00C04F79EFBC}") = "SteamManager", "SteamManager.csproj", "{AF39D6B8-D877-4C02-9650-1B1577C7FD00}"
EndProject
Global
	GlobalSection(SolutionConfigurationPlatforms) = preSolution
		Debug|Any CPU = Debug|Any CPU
		Release|Any CPU = Release|Any CPU
	EndGlobalSection
	GlobalSection(ProjectConfigurationPlatforms) = postSolution
		{AF39D6B8-D877-4C02-9650-1B1577C7FD00}.Debug|Any CPU.ActiveCfg = Debug|Any CPU
		{AF39D6B8-D877-4C02-9650-1B1577C7FD00}.Debug|Any CPU.Build.0 = Debug|Any CPU
		{AF39D6B8-D877-4C02-9650-1B1577C7FD00}.Release|Any CPU.ActiveCfg = Release|Any CPU
		{AF39D6B8-D877-4C02-9650-1B1577C7FD00}.Release|Any CPU.Build.0 = Release|Any CPU
	EndGlobalSection
	GlobalSection(SolutionProperties) = preSolution
		HideSolutionNode = FALSE
	EndGlobalSection
	GlobalSection(ExtensibilityGlobals) = postSolution
		SolutionGuid = {C8E11B68-7600-40D7-936C-3A482EA5C047}
	EndGlobalSection
EndGlobal
